// !$*UTF8*$!
{
	archiveVersion = 1;
	classes = {
	};
	objectVersion = 53;
	objects = {

/* Begin PBXBuildFile section */
		9C0F5DC326FD9BA700345E65 /* AppDelegate.swift in Sources */ = {isa = PBXBuildFile; fileRef = 9C0F5DC226FD9BA700345E65 /* AppDelegate.swift */; };
		9C0F5DC526FD9BA700345E65 /* SceneDelegate.swift in Sources */ = {isa = PBXBuildFile; fileRef = 9C0F5DC426FD9BA700345E65 /* SceneDelegate.swift */; };
		9C0F5DC726FD9BA700345E65 /* ViewController.swift in Sources */ = {isa = PBXBuildFile; fileRef = 9C0F5DC626FD9BA700345E65 /* ViewController.swift */; };
		9C0F5DCA26FD9BA700345E65 /* Main.storyboard in Resources */ = {isa = PBXBuildFile; fileRef = 9C0F5DC826FD9BA700345E65 /* Main.storyboard */; };
		9C0F5DCC26FD9BAB00345E65 /* Assets.xcassets in Resources */ = {isa = PBXBuildFile; fileRef = 9C0F5DCB26FD9BAB00345E65 /* Assets.xcassets */; };
		9C0F5DCF26FD9BAB00345E65 /* LaunchScreen.storyboard in Resources */ = {isa = PBXBuildFile; fileRef = 9C0F5DCD26FD9BAB00345E65 /* LaunchScreen.storyboard */; };
		9C0F5DD826FD9BBC00345E65 /* DeviceKit in Frameworks */ = {isa = PBXBuildFile; productRef = 9C0F5DD726FD9BBC00345E65 /* DeviceKit */; };
		9C0F5DDA26FDB53100345E65 /* APIService.swift in Sources */ = {isa = PBXBuildFile; fileRef = 9C0F5DD926FDB53100345E65 /* APIService.swift */; };
		9C0F5DDC26FDB54F00345E65 /* DeviceInfo.swift in Sources */ = {isa = PBXBuildFile; fileRef = 9C0F5DDB26FDB54F00345E65 /* DeviceInfo.swift */; };
		9C0F5DDE26FDB56300345E65 /* Ext+UIDevice.swift in Sources */ = {isa = PBXBuildFile; fileRef = 9C0F5DDD26FDB56300345E65 /* Ext+UIDevice.swift */; };
/* End PBXBuildFile section */

/* Begin PBXFileReference section */
		9C0F5DBF26FD9BA700345E65 /* DemoDeviceInfo.app */ = {isa = PBXFileReference; explicitFileType = wrapper.application; includeInIndex = 0; path = DemoDeviceInfo.app; sourceTree = BUILT_PRODUCTS_DIR; };
		9C0F5DC226FD9BA700345E65 /* AppDelegate.swift */ = {isa = PBXFileReference; lastKnownFileType = sourcecode.swift; path = AppDelegate.swift; sourceTree = "<group>"; };
		9C0F5DC426FD9BA700345E65 /* SceneDelegate.swift */ = {isa = PBXFileReference; lastKnownFileType = sourcecode.swift; path = SceneDelegate.swift; sourceTree = "<group>"; };
		9C0F5DC626FD9BA700345E65 /* ViewController.swift */ = {isa = PBXFileReference; lastKnownFileType = sourcecode.swift; path = ViewController.swift; sourceTree = "<group>"; };
		9C0F5DC926FD9BA700345E65 /* Base */ = {isa = PBXFileReference; lastKnownFileType = file.storyboard; name = Base; path = Base.lproj/Main.storyboard; sourceTree = "<group>"; };
		9C0F5DCB26FD9BAB00345E65 /* Assets.xcassets */ = {isa = PBXFileReference; lastKnownFileType = folder.assetcatalog; path = Assets.xcassets; sourceTree = "<group>"; };
		9C0F5DCE26FD9BAB00345E65 /* Base */ = {isa = PBXFileReference; lastKnownFileType = file.storyboard; name = Base; path = Base.lproj/LaunchScreen.storyboard; sourceTree = "<group>"; };
		9C0F5DD026FD9BAB00345E65 /* Info.plist */ = {isa = PBXFileReference; lastKnownFileType = text.plist.xml; path = Info.plist; sourceTree = "<group>"; };
		9C0F5DD926FDB53100345E65 /* APIService.swift */ = {isa = PBXFileReference; lastKnownFileType = sourcecode.swift; path = APIService.swift; sourceTree = "<group>"; };
		9C0F5DDB26FDB54F00345E65 /* DeviceInfo.swift */ = {isa = PBXFileReference; lastKnownFileType = sourcecode.swift; path = DeviceInfo.swift; sourceTree = "<group>"; };
		9C0F5DDD26FDB56300345E65 /* Ext+UIDevice.swift */ = {isa = PBXFileReference; lastKnownFileType = sourcecode.swift; path = "Ext+UIDevice.swift"; sourceTree = "<group>"; };
/* End PBXFileReference section */

/* Begin PBXFrameworksBuildPhase section */
		9C0F5DBC26FD9BA700345E65 /* Frameworks */ = {
			isa = PBXFrameworksBuildPhase;
			buildActionMask = 2147483647;
			files = (
				9C0F5DD826FD9BBC00345E65 /* DeviceKit in Frameworks */,
			);
			runOnlyForDeploymentPostprocessing = 0;
		};
/* End PBXFrameworksBuildPhase section */

/* Begin PBXGroup section */
		9C0F5DB626FD9BA700345E65 = {
			isa = PBXGroup;
			children = (
				9C0F5DC126FD9BA700345E65 /* DemoDeviceInfo */,
				9C0F5DC026FD9BA700345E65 /* Products */,
			);
			sourceTree = "<group>";
		};
		9C0F5DC026FD9BA700345E65 /* Products */ = {
			isa = PBXGroup;
			children = (
				9C0F5DBF26FD9BA700345E65 /* DemoDeviceInfo.app */,
			);
			name = Products;
			sourceTree = "<group>";
		};
		9C0F5DC126FD9BA700345E65 /* DemoDeviceInfo */ = {
			isa = PBXGroup;
			children = (
				9C0F5DE326FE34B900345E65 /* Extension */,
				9C0F5DE226FE33A700345E65 /* Helper */,
				9C0F5DE126FE339600345E65 /* Controllers */,
				9C0F5DE026FE338B00345E65 /* Models */,
				9C0F5DDF26FE338000345E65 /* Resource */,
				9C0F5DD026FD9BAB00345E65 /* Info.plist */,
			);
			path = DemoDeviceInfo;
			sourceTree = "<group>";
		};
		9C0F5DDF26FE338000345E65 /* Resource */ = {
			isa = PBXGroup;
			children = (
				9C0F5DC226FD9BA700345E65 /* AppDelegate.swift */,
				9C0F5DC426FD9BA700345E65 /* SceneDelegate.swift */,
				9C0F5DC826FD9BA700345E65 /* Main.storyboard */,
				9C0F5DCB26FD9BAB00345E65 /* Assets.xcassets */,
				9C0F5DCD26FD9BAB00345E65 /* LaunchScreen.storyboard */,
			);
			path = Resource;
			sourceTree = "<group>";
		};
		9C0F5DE026FE338B00345E65 /* Models */ = {
			isa = PBXGroup;
			children = (
				9C0F5DDB26FDB54F00345E65 /* DeviceInfo.swift */,
			);
			path = Models;
			sourceTree = "<group>";
		};
		9C0F5DE126FE339600345E65 /* Controllers */ = {
			isa = PBXGroup;
			children = (
				9C0F5DC626FD9BA700345E65 /* ViewController.swift */,
			);
			path = Controllers;
			sourceTree = "<group>";
		};
		9C0F5DE226FE33A700345E65 /* Helper */ = {
			isa = PBXGroup;
			children = (
				9C0F5DD926FDB53100345E65 /* APIService.swift */,
			);
			path = Helper;
			sourceTree = "<group>";
		};
		9C0F5DE326FE34B900345E65 /* Extension */ = {
			isa = PBXGroup;
			children = (
				9C0F5DDD26FDB56300345E65 /* Ext+UIDevice.swift */,
			);
			path = Extension;
			sourceTree = "<group>";
		};
/* End PBXGroup section */

/* Begin PBXNativeTarget section */
		9C0F5DBE26FD9BA700345E65 /* DemoDeviceInfo */ = {
			isa = PBXNativeTarget;
			buildConfigurationList = 9C0F5DD326FD9BAB00345E65 /* Build configuration list for PBXNativeTarget "DemoDeviceInfo" */;
			buildPhases = (
				9C0F5DBB26FD9BA700345E65 /* Sources */,
				9C0F5DBC26FD9BA700345E65 /* Frameworks */,
				9C0F5DBD26FD9BA700345E65 /* Resources */,
			);
			buildRules = (
			);
			dependencies = (
			);
			name = DemoDeviceInfo;
			packageProductDependencies = (
				9C0F5DD726FD9BBC00345E65 /* DeviceKit */,
			);
			productName = DemoDeviceInfo;
			productReference = 9C0F5DBF26FD9BA700345E65 /* DemoDeviceInfo.app */;
			productType = "com.apple.product-type.application";
		};
/* End PBXNativeTarget section */

/* Begin PBXProject section */
		9C0F5DB726FD9BA700345E65 /* Project object */ = {
			isa = PBXProject;
			attributes = {
				BuildIndependentTargetsInParallel = 1;
				LastSwiftUpdateCheck = 1300;
				LastUpgradeCheck = 1300;
				TargetAttributes = {
					9C0F5DBE26FD9BA700345E65 = {
						CreatedOnToolsVersion = 13.0;
					};
				};
			};
			buildConfigurationList = 9C0F5DBA26FD9BA700345E65 /* Build configuration list for PBXProject "DemoDeviceInfo" */;
			compatibilityVersion = "Xcode 9.3";
			developmentRegion = en;
			hasScannedForEncodings = 0;
			knownRegions = (
				en,
				Base,
			);
			mainGroup = 9C0F5DB626FD9BA700345E65;
			packageReferences = (
				9C0F5DD626FD9BBC00345E65 /* XCRemoteSwiftPackageReference "DeviceKit" */,
			);
			productRefGroup = 9C0F5DC026FD9BA700345E65 /* Products */;
			projectDirPath = "";
			projectRoot = "";
			targets = (
				9C0F5DBE26FD9BA700345E65 /* DemoDeviceInfo */,
			);
		};
/* End PBXProject section */

/* Begin PBXResourcesBuildPhase section */
		9C0F5DBD26FD9BA700345E65 /* Resources */ = {
			isa = PBXResourcesBuildPhase;
			buildActionMask = 2147483647;
			files = (
				9C0F5DCF26FD9BAB00345E65 /* LaunchScreen.storyboard in Resources */,
				9C0F5DCC26FD9BAB00345E65 /* Assets.xcassets in Resources */,
				9C0F5DCA26FD9BA700345E65 /* Main.storyboard in Resources */,
			);
			runOnlyForDeploymentPostprocessing = 0;
		};
/* End PBXResourcesBuildPhase section */

/* Begin PBXSourcesBuildPhase section */
		9C0F5DBB26FD9BA700345E65 /* Sources */ = {
			isa = PBXSourcesBuildPhase;
			buildActionMask = 2147483647;
			files = (
				9C0F5DC726FD9BA700345E65 /* ViewController.swift in Sources */,
				9C0F5DC326FD9BA700345E65 /* AppDelegate.swift in Sources */,
				9C0F5DDA26FDB53100345E65 /* APIService.swift in Sources */,
				9C0F5DC526FD9BA700345E65 /* SceneDelegate.swift in Sources */,
				9C0F5DDC26FDB54F00345E65 /* DeviceInfo.swift in Sources */,
				9C0F5DDE26FDB56300345E65 /* Ext+UIDevice.swift in Sources */,
			);
			runOnlyForDeploymentPostprocessing = 0;
		};
/* End PBXSourcesBuildPhase section */

/* Begin PBXVariantGroup section */
		9C0F5DC826FD9BA700345E65 /* Main.storyboard */ = {
			isa = PBXVariantGroup;
			children = (
				9C0F5DC926FD9BA700345E65 /* Base */,
			);
			name = Main.storyboard;
			sourceTree = "<group>";
		};
		9C0F5DCD26FD9BAB00345E65 /* LaunchScreen.storyboard */ = {
			isa = PBXVariantGroup;
			children = (
				9C0F5DCE26FD9BAB00345E65 /* Base */,
			);
			name = LaunchScreen.storyboard;
			sourceTree = "<group>";
		};
/* End PBXVariantGroup section */

/* Begin XCBuildConfiguration section */
		9C0F5DD126FD9BAB00345E65 /* Debug */ = {
			isa = XCBuildConfiguration;
			buildSettings = {
				ALWAYS_SEARCH_USER_PATHS = NO;
				CLANG_ANALYZER_NONNULL = YES;
				CLANG_ANALYZER_NUMBER_OBJECT_CONVERSION = YES_AGGRESSIVE;
				CLANG_CXX_LANGUAGE_STANDARD = "gnu++17";
				CLANG_CXX_LIBRARY = "libc++";
				CLANG_ENABLE_MODULES = YES;
				CLANG_ENABLE_OBJC_ARC = YES;
				CLANG_ENABLE_OBJC_WEAK = YES;
				CLANG_WARN_BLOCK_CAPTURE_AUTORELEASING = YES;
				CLANG_WARN_BOOL_CONVERSION = YES;
				CLANG_WARN_COMMA = YES;
				CLANG_WARN_CONSTANT_CONVERSION = YES;
				CLANG_WARN_DEPRECATED_OBJC_IMPLEMENTATIONS = YES;
				CLANG_WARN_DIRECT_OBJC_ISA_USAGE = YES_ERROR;
				CLANG_WARN_DOCUMENTATION_COMMENTS = YES;
				CLANG_WARN_EMPTY_BODY = YES;
				CLANG_WARN_ENUM_CONVERSION = YES;
				CLANG_WARN_INFINITE_RECURSION = YES;
				CLANG_WARN_INT_CONVERSION = YES;
				CLANG_WARN_NON_LITERAL_NULL_CONVERSION = YES;
				CLANG_WARN_OBJC_IMPLICIT_RETAIN_SELF = YES;
				CLANG_WARN_OBJC_LITERAL_CONVERSION = YES;
				CLANG_WARN_OBJC_ROOT_CLASS = YES_ERROR;
				CLANG_WARN_QUOTED_INCLUDE_IN_FRAMEWORK_HEADER = YES;
				CLANG_WARN_RANGE_LOOP_ANALYSIS = YES;
				CLANG_WARN_STRICT_PROTOTYPES = YES;
				CLANG_WARN_SUSPICIOUS_MOVE = YES;
				CLANG_WARN_UNGUARDED_AVAILABILITY = YES_AGGRESSIVE;
				CLANG_WARN_UNREACHABLE_CODE = YES;
				CLANG_WARN__DUPLICATE_METHOD_MATCH = YES;
				COPY_PHASE_STRIP = NO;
				DEBUG_INFORMATION_FORMAT = dwarf;
				ENABLE_STRICT_OBJC_MSGSEND = YES;
				ENABLE_TESTABILITY = YES;
				GCC_C_LANGUAGE_STANDARD = gnu11;
				GCC_DYNAMIC_NO_PIC = NO;
				GCC_NO_COMMON_BLOCKS = YES;
				GCC_OPTIMIZATION_LEVEL = 0;
				GCC_PREPROCESSOR_DEFINITIONS = (
					"DEBUG=1",
					"$(inherited)",
				);
				GCC_WARN_64_TO_32_BIT_CONVERSION = YES;
				GCC_WARN_ABOUT_RETURN_TYPE = YES_ERROR;
				GCC_WARN_UNDECLARED_SELECTOR = YES;
				GCC_WARN_UNINITIALIZED_AUTOS = YES_AGGRESSIVE;
				GCC_WARN_UNUSED_FUNCTION = YES;
				GCC_WARN_UNUSED_VARIABLE = YES;
				IPHONEOS_DEPLOYMENT_TARGET = 15.0;
				MTL_ENABLE_DEBUG_INFO = INCLUDE_SOURCE;
				MTL_FAST_MATH = YES;
				ONLY_ACTIVE_ARCH = YES;
				SDKROOT = iphoneos;
				SWIFT_ACTIVE_COMPILATION_CONDITIONS = DEBUG;
				SWIFT_OPTIMIZATION_LEVEL = "-Onone";
			};
			name = Debug;
		};
		9C0F5DD226FD9BAB00345E65 /* Release */ = {
			isa = XCBuildConfiguration;
			buildSettings = {
				ALWAYS_SEARCH_USER_PATHS = NO;
				CLANG_ANALYZER_NONNULL = YES;
				CLANG_ANALYZER_NUMBER_OBJECT_CONVERSION = YES_AGGRESSIVE;
				CLANG_CXX_LANGUAGE_STANDARD = "gnu++17";
				CLANG_CXX_LIBRARY = "libc++";
				CLANG_ENABLE_MODULES = YES;
				CLANG_ENABLE_OBJC_ARC = YES;
				CLANG_ENABLE_OBJC_WEAK = YES;
				CLANG_WARN_BLOCK_CAPTURE_AUTORELEASING = YES;
				CLANG_WARN_BOOL_CONVERSION = YES;
				CLANG_WARN_COMMA = YES;
				CLANG_WARN_CONSTANT_CONVERSION = YES;
				CLANG_WARN_DEPRECATED_OBJC_IMPLEMENTATIONS = YES;
				CLANG_WARN_DIRECT_OBJC_ISA_USAGE = YES_ERROR;
				CLANG_WARN_DOCUMENTATION_COMMENTS = YES;
				CLANG_WARN_EMPTY_BODY = YES;
				CLANG_WARN_ENUM_CONVERSION = YES;
				CLANG_WARN_INFINITE_RECURSION = YES;
				CLANG_WARN_INT_CONVERSION = YES;
				CLANG_WARN_NON_LITERAL_NULL_CONVERSION = YES;
				CLANG_WARN_OBJC_IMPLICIT_RETAIN_SELF = YES;
				CLANG_WARN_OBJC_LITERAL_CONVERSION = YES;
				CLANG_WARN_OBJC_ROOT_CLASS = YES_ERROR;
				CLANG_WARN_QUOTED_INCLUDE_IN_FRAMEWORK_HEADER = YES;
				CLANG_WARN_RANGE_LOOP_ANALYSIS = YES;
				CLANG_WARN_STRICT_PROTOTYPES = YES;
				CLANG_WARN_SUSPICIOUS_MOVE = YES;
				CLANG_WARN_UNGUARDED_AVAILABILITY = YES_AGGRESSIVE;
				CLANG_WARN_UNREACHABLE_CODE = YES;
				CLANG_WARN__DUPLICATE_METHOD_MATCH = YES;
				COPY_PHASE_STRIP = NO;
				DEBUG_INFORMATION_FORMAT = "dwarf-with-dsym";
				ENABLE_NS_ASSERTIONS = NO;
				ENABLE_STRICT_OBJC_MSGSEND = YES;
				GCC_C_LANGUAGE_STANDARD = gnu11;
				GCC_NO_COMMON_BLOCKS = YES;
				GCC_WARN_64_TO_32_BIT_CONVERSION = YES;
				GCC_WARN_ABOUT_RETURN_TYPE = YES_ERROR;
				GCC_WARN_UNDECLARED_SELECTOR = YES;
				GCC_WARN_UNINITIALIZED_AUTOS = YES_AGGRESSIVE;
				GCC_WARN_UNUSED_FUNCTION = YES;
				GCC_WARN_UNUSED_VARIABLE = YES;
				IPHONEOS_DEPLOYMENT_TARGET = 15.0;
				MTL_ENABLE_DEBUG_INFO = NO;
				MTL_FAST_MATH = YES;
				SDKROOT = iphoneos;
				SWIFT_COMPILATION_MODE = wholemodule;
				SWIFT_OPTIMIZATION_LEVEL = "-O";
				VALIDATE_PRODUCT = YES;
			};
			name = Release;
		};
		9C0F5DD426FD9BAB00345E65 /* Debug */ = {
			isa = XCBuildConfiguration;
			buildSettings = {
				ASSETCATALOG_COMPILER_APPICON_NAME = AppIcon;
				ASSETCATALOG_COMPILER_GLOBAL_ACCENT_COLOR_NAME = AccentColor;
				CODE_SIGN_STYLE = Automatic;
				CURRENT_PROJECT_VERSION = 1;
				DEVELOPMENT_TEAM = 5K2D8EVZ5V;
				GENERATE_INFOPLIST_FILE = YES;
				INFOPLIST_FILE = DemoDeviceInfo/Info.plist;
				INFOPLIST_KEY_UIApplicationSupportsIndirectInputEvents = YES;
				INFOPLIST_KEY_UILaunchStoryboardName = LaunchScreen;
				INFOPLIST_KEY_UIMainStoryboardFile = Main;
				INFOPLIST_KEY_UISupportedInterfaceOrientations_iPad = "UIInterfaceOrientationPortrait UIInterfaceOrientationPortraitUpsideDown UIInterfaceOrientationLandscapeLeft UIInterfaceOrientationLandscapeRight";
				INFOPLIST_KEY_UISupportedInterfaceOrientations_iPhone = "UIInterfaceOrientationPortrait UIInterfaceOrientationLandscapeLeft UIInterfaceOrientationLandscapeRight";
				IPHONEOS_DEPLOYMENT_TARGET = 13.0;
				LD_RUNPATH_SEARCH_PATHS = (
					"$(inherited)",
					"@executable_path/Frameworks",
				);
				MARKETING_VERSION = 1.0;
				PRODUCT_BUNDLE_IDENTIFIER = com.paullien.DemoDeviceInfo;
				PRODUCT_NAME = "$(TARGET_NAME)";
				SWIFT_EMIT_LOC_STRINGS = YES;
				SWIFT_VERSION = 5.0;
				TARGETED_DEVICE_FAMILY = "1,2";
			};
			name = Debug;
		};
		9C0F5DD526FD9BAB00345E65 /* Release */ = {
			isa = XCBuildConfiguration;
			buildSettings = {
				ASSETCATALOG_COMPILER_APPICON_NAME = AppIcon;
				ASSETCATALOG_COMPILER_GLOBAL_ACCENT_COLOR_NAME = AccentColor;
				CODE_SIGN_STYLE = Automatic;
				CURRENT_PROJECT_VERSION = 1;
				DEVELOPMENT_TEAM = 5K2D8EVZ5V;
				GENERATE_INFOPLIST_FILE = YES;
				INFOPLIST_FILE = DemoDeviceInfo/Info.plist;
				INFOPLIST_KEY_UIApplicationSupportsIndirectInputEvents = YES;
				INFOPLIST_KEY_UILaunchStoryboardName = LaunchScreen;
				INFOPLIST_KEY_UIMainStoryboardFile = Main;
				INFOPLIST_KEY_UISupportedInterfaceOrientations_iPad = "UIInterfaceOrientationPortrait UIInterfaceOrientationPortraitUpsideDown UIInterfaceOrientationLandscapeLeft UIInterfaceOrientationLandscapeRight";
				INFOPLIST_KEY_UISupportedInterfaceOrientations_iPhone = "UIInterfaceOrientationPortrait UIInterfaceOrientationLandscapeLeft UIInterfaceOrientationLandscapeRight";
				IPHONEOS_DEPLOYMENT_TARGET = 13.0;
				LD_RUNPATH_SEARCH_PATHS = (
					"$(inherited)",
					"@executable_path/Frameworks",
				);
				MARKETING_VERSION = 1.0;
				PRODUCT_BUNDLE_IDENTIFIER = com.paullien.DemoDeviceInfo;
				PRODUCT_NAME = "$(TARGET_NAME)";
				SWIFT_EMIT_LOC_STRINGS = YES;
				SWIFT_VERSION = 5.0;
				TARGETED_DEVICE_FAMILY = "1,2";
			};
			name = Release;
		};
/* End XCBuildConfiguration section */

/* Begin XCConfigurationList section */
		9C0F5DBA26FD9BA700345E65 /* Build configuration list for PBXProject "DemoDeviceInfo" */ = {
			isa = XCConfigurationList;
			buildConfigurations = (
				9C0F5DD126FD9BAB00345E65 /* Debug */,
				9C0F5DD226FD9BAB00345E65 /* Release */,
			);
			defaultConfigurationIsVisible = 0;
			defaultConfigurationName = Release;
		};
		9C0F5DD326FD9BAB00345E65 /* Build configuration list for PBXNativeTarget "DemoDeviceInfo" */ = {
			isa = XCConfigurationList;
			buildConfigurations = (
				9C0F5DD426FD9BAB00345E65 /* Debug */,
				9C0F5DD526FD9BAB00345E65 /* Release */,
			);
			defaultConfigurationIsVisible = 0;
			defaultConfigurationName = Release;
		};
/* End XCConfigurationList section */

/* Begin XCRemoteSwiftPackageReference section */
		9C0F5DD626FD9BBC00345E65 /* XCRemoteSwiftPackageReference "DeviceKit" */ = {
			isa = XCRemoteSwiftPackageReference;
			repositoryURL = "https://github.com/devicekit/DeviceKit.git";
			requirement = {
				branch = master;
				kind = branch;
			};
		};
/* End XCRemoteSwiftPackageReference section */

/* Begin XCSwiftPackageProductDependency section */
		9C0F5DD726FD9BBC00345E65 /* DeviceKit */ = {
			isa = XCSwiftPackageProductDependency;
			package = 9C0F5DD626FD9BBC00345E65 /* XCRemoteSwiftPackageReference "DeviceKit" */;
			productName = DeviceKit;
		};
/* End XCSwiftPackageProductDependency section */
	};
	rootObject = 9C0F5DB726FD9BA700345E65 /* Project object */;
}
